
Microsoft Visual Studio Solution File, Format Version 12.00
# Visual Studio Version 17
VisualStudioVersion = 17.8.34330.188
MinimumVisualStudioVersion = 10.0.40219.1
Project("{2150E333-8FDC-42A3-9474-1A3956D46DE8}") = "PresentationLayer", "PresentationLayer", "{8A8D16E7-2026-4234-82ED-CB8D4939B5A3}"
EndProject
Project("{2150E333-8FDC-42A3-9474-1A3956D46DE8}") = "DataAccessLayer", "DataAccessLayer", "{99D1B09C-7565-425E-A280-CC7D8BDF4011}"
EndProject
Project("{2150E333-8FDC-42A3-9474-1A3956D46DE8}") = "BussinessLogicLayer", "BussinessLogicLayer", "{7072FC10-0C6C-4A38-A04E-F0F1B9FEF4F8}"
EndProject
Project("{FAE04EC0-301F-11D3-BF4B-00C04F79EFBC}") = "DataAccess", "DataAccess\DataAccess.csproj", "{BC336E9E-504D-49AD-B38A-E5D89A76204E}"
EndProject
Project("{FAE04EC0-301F-11D3-BF4B-00C04F79EFBC}") = "HotelManagementLayer", "HotelManagementLayer\HotelManagementLayer.csproj", "{9ABEB988-5640-4576-B7DC-4BFB0BF471DB}"
EndProject
Project("{FAE04EC0-301F-11D3-BF4B-00C04F79EFBC}") = "BussinessLogic", "BussinessLogic\BussinessLogic.csproj", "{BB6C8250-B14B-4DD0-B71A-7635DAF53BCD}"
EndProject
Global
	GlobalSection(SolutionConfigurationPlatforms) = preSolution
		Debug|Any CPU = Debug|Any CPU
		Release|Any CPU = Release|Any CPU
	EndGlobalSection
	GlobalSection(ProjectConfigurationPlatforms) = postSolution
		{BC336E9E-504D-49AD-B38A-E5D89A76204E}.Debug|Any CPU.ActiveCfg = Debug|Any CPU
		{BC336E9E-504D-49AD-B38A-E5D89A76204E}.Debug|Any CPU.Build.0 = Debug|Any CPU
		{BC336E9E-504D-49AD-B38A-E5D89A76204E}.Release|Any CPU.ActiveCfg = Release|Any CPU
		{BC336E9E-504D-49AD-B38A-E5D89A76204E}.Release|Any CPU.Build.0 = Release|Any CPU
		{9ABEB988-5640-4576-B7DC-4BFB0BF471DB}.Debug|Any CPU.ActiveCfg = Debug|Any CPU
		{9ABEB988-5640-4576-B7DC-4BFB0BF471DB}.Debug|Any CPU.Build.0 = Debug|Any CPU
		{9ABEB988-5640-4576-B7DC-4BFB0BF471DB}.Release|Any CPU.ActiveCfg = Release|Any CPU
		{9ABEB988-5640-4576-B7DC-4BFB0BF471DB}.Release|Any CPU.Build.0 = Release|Any CPU
		{BB6C8250-B14B-4DD0-B71A-7635DAF53BCD}.Debug|Any CPU.ActiveCfg = Debug|Any CPU
		{BB6C8250-B14B-4DD0-B71A-7635DAF53BCD}.Debug|Any CPU.Build.0 = Debug|Any CPU
		{BB6C8250-B14B-4DD0-B71A-7635DAF53BCD}.Release|Any CPU.ActiveCfg = Release|Any CPU
		{BB6C8250-B14B-4DD0-B71A-7635DAF53BCD}.Release|Any CPU.Build.0 = Release|Any CPU
	EndGlobalSection
	GlobalSection(SolutionProperties) = preSolution
		HideSolutionNode = FALSE
	EndGlobalSection
	GlobalSection(NestedProjects) = preSolution
		{BC336E9E-504D-49AD-B38A-E5D89A76204E} = {99D1B09C-7565-425E-A280-CC7D8BDF4011}
		{9ABEB988-5640-4576-B7DC-4BFB0BF471DB} = {8A8D16E7-2026-4234-82ED-CB8D4939B5A3}
		{BB6C8250-B14B-4DD0-B71A-7635DAF53BCD} = {7072FC10-0C6C-4A38-A04E-F0F1B9FEF4F8}
	EndGlobalSection
	GlobalSection(ExtensibilityGlobals) = postSolution
		SolutionGuid = {46B9BCF2-2457-42B8-9551-1CFC78931F3C}
	EndGlobalSection
EndGlobal
